// !$*UTF8*$!
{
	archiveVersion = 1;
	classes = {
	};
	objectVersion = 77;
	objects = {

/* Begin PBXBuildFile section */
		00D2A93FE2EF0F17DDE8B922 /* ScanReceiptControl.swift in Sources */ = {isa = PBXBuildFile; fileRef = F3E30737E5A2D558DD7F073D /* ScanReceiptControl.swift */; };
		0FFCBC65B62F174BC4C2B3CB /* Assets.xcassets in Resources */ = {isa = PBXBuildFile; fileRef = 657B591D201E75C907CD1E6C /* Assets.xcassets */; };
		110221C9047E96E2AFE5A036 /* HomeView.swift in Sources */ = {isa = PBXBuildFile; fileRef = 11D2653A974333A7A3EA3478 /* HomeView.swift */; };
		120AF21129DB35CBEBC2ACF9 /* ReceiptControls.appex in Embed Foundation Extensions */ = {isa = PBXBuildFile; fileRef = 10BE64BA523D2DB6BE5B3C92 /* ReceiptControls.appex */; settings = {ATTRIBUTES = (RemoveHeadersOnCopy, ); }; };
		1914D745D9F94C9209F8BF6E /* ConsumptionWidget.swift in Sources */ = {isa = PBXBuildFile; fileRef = B522912C69D6B8D39A5F121D /* ConsumptionWidget.swift */; };
		426989F7C58503A098E6CF1E /* Keychain.swift in Sources */ = {isa = PBXBuildFile; fileRef = 1494E17C7F1DCE08CAD23D76 /* Keychain.swift */; };
		47649EFA3EC194CA356E156F /* ReceiptScannerApp.swift in Sources */ = {isa = PBXBuildFile; fileRef = 731B0AA682A9B59223FBA4CF /* ReceiptScannerApp.swift */; };
		538773F9E414B55198B5CC4F /* DemoData.swift in Sources */ = {isa = PBXBuildFile; fileRef = 47369034472BE10A92CA1F4A /* DemoData.swift */; };
		576822B5016D7017B864AD02 /* WeekSummary.swift in Sources */ = {isa = PBXBuildFile; fileRef = 876D71B7830A97CB255C78E5 /* WeekSummary.swift */; };
		5ED4C81CD7D74255087D9068 /* AppShortcuts.swift in Sources */ = {isa = PBXBuildFile; fileRef = AB2B5E2CAE9E14A15E583B32 /* AppShortcuts.swift */; };
		67BA830BA2DC899049AB4A58 /* WeekSummaryStyle.swift in Sources */ = {isa = PBXBuildFile; fileRef = 63C0593F95D022F08F055F6F /* WeekSummaryStyle.swift */; };
		684BBF9EC7B46AEB6A60C06A /* Models.swift in Sources */ = {isa = PBXBuildFile; fileRef = 164199FDAC80234F90480C83 /* Models.swift */; };
		81F6C88DAF444B215BD5EE35 /* ScanWidget.swift in Sources */ = {isa = PBXBuildFile; fileRef = D275E1136A1EA6D49DD09FD9 /* ScanWidget.swift */; };
		82BE9E3D753F937312E85113 /* AppState.swift in Sources */ = {isa = PBXBuildFile; fileRef = 6CC43AF3EF6CEAEE885976BD /* AppState.swift */; };
		9462A60593E1BC43026C4575 /* JSONValue.swift in Sources */ = {isa = PBXBuildFile; fileRef = D38E5D83147F3BB0050B2884 /* JSONValue.swift */; };
		9D8C10D1765618DAA20D7171 /* Models.swift in Sources */ = {isa = PBXBuildFile; fileRef = 164199FDAC80234F90480C83 /* Models.swift */; };
		A9CBD4AC3DB2C29E5E640148 /* WeekSummaryStyle.swift in Sources */ = {isa = PBXBuildFile; fileRef = 63C0593F95D022F08F055F6F /* WeekSummaryStyle.swift */; };
		ADE16B7747E1E1CE8197553E /* WeekSummary.swift in Sources */ = {isa = PBXBuildFile; fileRef = 876D71B7830A97CB255C78E5 /* WeekSummary.swift */; };
		AF719F1A640A935A0A7B6DD5 /* CameraPicker.swift in Sources */ = {isa = PBXBuildFile; fileRef = B0F2484C67EFB9A62761CEB2 /* CameraPicker.swift */; };
		AF8ADC77E311E387C419A207 /* ReviewView.swift in Sources */ = {isa = PBXBuildFile; fileRef = 5004CAD7B3C90BD6EBCDC477 /* ReviewView.swift */; };
		B66FE03E6B9C0EF58DB857FB /* ScanReceiptIntent.swift in Sources */ = {isa = PBXBuildFile; fileRef = 6E36E222E386F2D674404AAB /* ScanReceiptIntent.swift */; };
		C02524FAFC2CE5BEE9417C44 /* TransactionViews.swift in Sources */ = {isa = PBXBuildFile; fileRef = C46C311B6E1B4B27AD211A0C /* TransactionViews.swift */; };
		C136BA6B6D2DEA4223480DEC /* SetupView.swift in Sources */ = {isa = PBXBuildFile; fileRef = DF4BAD9DF9B7F1BDCA54D4F4 /* SetupView.swift */; };
		C53B9354D2DD2C4C2E8BC994 /* Vault.swift in Sources */ = {isa = PBXBuildFile; fileRef = 0A8E52171420D131C0C85292 /* Vault.swift */; };
		CCECCF2CCD2A09576320B4F4 /* ScanReceiptIntent.swift in Sources */ = {isa = PBXBuildFile; fileRef = 6E36E222E386F2D674404AAB /* ScanReceiptIntent.swift */; };
		CDFE88601CAADD1A2C1378DE /* ClaudeClient.swift in Sources */ = {isa = PBXBuildFile; fileRef = A296308186F68BE677FEBE66 /* ClaudeClient.swift */; };
		DF4A3335520B63E9DA160A9C /* WidgetData.swift in Sources */ = {isa = PBXBuildFile; fileRef = 1DEB32A53A766E3F6A68DBEA /* WidgetData.swift */; };
		E8B8A6DAFE998F71C97271F6 /* ItemRules.swift in Sources */ = {isa = PBXBuildFile; fileRef = 4C61C4A0F66B94D6E47F5E3D /* ItemRules.swift */; };
		EA7B6FA4A5CC458C0AB9D9E9 /* CardTaps.swift in Sources */ = {isa = PBXBuildFile; fileRef = D0800DBA0F40E8AF98F802F5 /* CardTaps.swift */; };
		EE9769FE59274D9463ED269B /* WalletImportView.swift in Sources */ = {isa = PBXBuildFile; fileRef = 6A3A14FF55BC8816CED85588 /* WalletImportView.swift */; };
		EF16FF413112C67FF529EED9 /* WidgetData.swift in Sources */ = {isa = PBXBuildFile; fileRef = 1DEB32A53A766E3F6A68DBEA /* WidgetData.swift */; };
		F7591956ED0DE6DAEC2181A4 /* WeekSummaryView.swift in Sources */ = {isa = PBXBuildFile; fileRef = 6E3316DA3F7235951CFE7DAC /* WeekSummaryView.swift */; };
		F8F198AB8CF266CC6EB976E0 /* WalletImport.swift in Sources */ = {isa = PBXBuildFile; fileRef = B96893D94E71B89E61556BC0 /* WalletImport.swift */; };
		FABEF238968D9203AF6E47F3 /* JSONValue.swift in Sources */ = {isa = PBXBuildFile; fileRef = D38E5D83147F3BB0050B2884 /* JSONValue.swift */; };
		FF061FE486B75268F8F7A438 /* GitHubStore.swift in Sources */ = {isa = PBXBuildFile; fileRef = B2E8D2852640ED13809A7D76 /* GitHubStore.swift */; };
		FF6E7D9C38006A11213DE274 /* Transactions.swift in Sources */ = {isa = PBXBuildFile; fileRef = 99E80B0C1014D31268D8CCC1 /* Transactions.swift */; };
/* End PBXBuildFile section */

/* Begin PBXContainerItemProxy section */
		A75A01C82618E0741A5D61B3 /* PBXContainerItemProxy */ = {
			isa = PBXContainerItemProxy;
			containerPortal = F58F941AFC9693EFC8BCF60C /* Project object */;
			proxyType = 1;
			remoteGlobalIDString = B3B67CD15A3D5064D1891FCD;
			remoteInfo = ReceiptControls;
		};
/* End PBXContainerItemProxy section */

/* Begin PBXCopyFilesBuildPhase section */
		3076323586F0A7CC38348D09 /* Embed Foundation Extensions */ = {
			isa = PBXCopyFilesBuildPhase;
			buildActionMask = 2147483647;
			dstPath = "";
			dstSubfolderSpec = 13;
			files = (
				120AF21129DB35CBEBC2ACF9 /* ReceiptControls.appex in Embed Foundation Extensions */,
			);
			name = "Embed Foundation Extensions";
			runOnlyForDeploymentPostprocessing = 0;
		};
/* End PBXCopyFilesBuildPhase section */

/* Begin PBXFileReference section */
		09271B1DEF55D5C00112B610 /* Info.plist */ = {isa = PBXFileReference; lastKnownFileType = text.plist; path = Info.plist; sourceTree = "<group>"; };
		0A8E52171420D131C0C85292 /* Vault.swift */ = {isa = PBXFileReference; lastKnownFileType = sourcecode.swift; path = Vault.swift; sourceTree = "<group>"; };
		0DD2D05AF8660070BE20531E /* ReceiptScanner.app */ = {isa = PBXFileReference; includeInIndex = 0; lastKnownFileType = wrapper.application; path = ReceiptScanner.app; sourceTree = BUILT_PRODUCTS_DIR; };
		10BE64BA523D2DB6BE5B3C92 /* ReceiptControls.appex */ = {isa = PBXFileReference; includeInIndex = 0; lastKnownFileType = "wrapper.app-extension"; path = ReceiptControls.appex; sourceTree = BUILT_PRODUCTS_DIR; };
		11D2653A974333A7A3EA3478 /* HomeView.swift */ = {isa = PBXFileReference; lastKnownFileType = sourcecode.swift; path = HomeView.swift; sourceTree = "<group>"; };
		1494E17C7F1DCE08CAD23D76 /* Keychain.swift */ = {isa = PBXFileReference; lastKnownFileType = sourcecode.swift; path = Keychain.swift; sourceTree = "<group>"; };
		164199FDAC80234F90480C83 /* Models.swift */ = {isa = PBXFileReference; lastKnownFileType = sourcecode.swift; path = Models.swift; sourceTree = "<group>"; };
		1DEB32A53A766E3F6A68DBEA /* WidgetData.swift */ = {isa = PBXFileReference; lastKnownFileType = sourcecode.swift; path = WidgetData.swift; sourceTree = "<group>"; };
		47369034472BE10A92CA1F4A /* DemoData.swift */ = {isa = PBXFileReference; lastKnownFileType = sourcecode.swift; path = DemoData.swift; sourceTree = "<group>"; };
		4C61C4A0F66B94D6E47F5E3D /* ItemRules.swift */ = {isa = PBXFileReference; lastKnownFileType = sourcecode.swift; path = ItemRules.swift; sourceTree = "<group>"; };
		5004CAD7B3C90BD6EBCDC477 /* ReviewView.swift */ = {isa = PBXFileReference; lastKnownFileType = sourcecode.swift; path = ReviewView.swift; sourceTree = "<group>"; };
		63C0593F95D022F08F055F6F /* WeekSummaryStyle.swift */ = {isa = PBXFileReference; lastKnownFileType = sourcecode.swift; path = WeekSummaryStyle.swift; sourceTree = "<group>"; };
		657B591D201E75C907CD1E6C /* Assets.xcassets */ = {isa = PBXFileReference; lastKnownFileType = folder.assetcatalog; path = Assets.xcassets; sourceTree = "<group>"; };
		6A3A14FF55BC8816CED85588 /* WalletImportView.swift */ = {isa = PBXFileReference; lastKnownFileType = sourcecode.swift; path = WalletImportView.swift; sourceTree = "<group>"; };
		6CC43AF3EF6CEAEE885976BD /* AppState.swift */ = {isa = PBXFileReference; lastKnownFileType = sourcecode.swift; path = AppState.swift; sourceTree = "<group>"; };
		6E3316DA3F7235951CFE7DAC /* WeekSummaryView.swift */ = {isa = PBXFileReference; lastKnownFileType = sourcecode.swift; path = WeekSummaryView.swift; sourceTree = "<group>"; };
		6E36E222E386F2D674404AAB /* ScanReceiptIntent.swift */ = {isa = PBXFileReference; lastKnownFileType = sourcecode.swift; path = ScanReceiptIntent.swift; sourceTree = "<group>"; };
		731B0AA682A9B59223FBA4CF /* ReceiptScannerApp.swift */ = {isa = PBXFileReference; lastKnownFileType = sourcecode.swift; path = ReceiptScannerApp.swift; sourceTree = "<group>"; };
		853171B29CEC14D122C55C54 /* Info.plist */ = {isa = PBXFileReference; lastKnownFileType = text.plist; path = Info.plist; sourceTree = "<group>"; };
		876D71B7830A97CB255C78E5 /* WeekSummary.swift */ = {isa = PBXFileReference; lastKnownFileType = sourcecode.swift; path = WeekSummary.swift; sourceTree = "<group>"; };
		99E80B0C1014D31268D8CCC1 /* Transactions.swift */ = {isa = PBXFileReference; lastKnownFileType = sourcecode.swift; path = Transactions.swift; sourceTree = "<group>"; };
		9EC73C9CB0F87E95CB6DFE9C /* ReceiptScanner.entitlements */ = {isa = PBXFileReference; lastKnownFileType = text.plist.entitlements; path = ReceiptScanner.entitlements; sourceTree = "<group>"; };
		A296308186F68BE677FEBE66 /* ClaudeClient.swift */ = {isa = PBXFileReference; lastKnownFileType = sourcecode.swift; path = ClaudeClient.swift; sourceTree = "<group>"; };
		AB2B5E2CAE9E14A15E583B32 /* AppShortcuts.swift */ = {isa = PBXFileReference; lastKnownFileType = sourcecode.swift; path = AppShortcuts.swift; sourceTree = "<group>"; };
		B0F2484C67EFB9A62761CEB2 /* CameraPicker.swift */ = {isa = PBXFileReference; lastKnownFileType = sourcecode.swift; path = CameraPicker.swift; sourceTree = "<group>"; };
		B2E8D2852640ED13809A7D76 /* GitHubStore.swift */ = {isa = PBXFileReference; lastKnownFileType = sourcecode.swift; path = GitHubStore.swift; sourceTree = "<group>"; };
		B522912C69D6B8D39A5F121D /* ConsumptionWidget.swift */ = {isa = PBXFileReference; lastKnownFileType = sourcecode.swift; path = ConsumptionWidget.swift; sourceTree = "<group>"; };
		B96893D94E71B89E61556BC0 /* WalletImport.swift */ = {isa = PBXFileReference; lastKnownFileType = sourcecode.swift; path = WalletImport.swift; sourceTree = "<group>"; };
		BBB1B58928D31D534C11CF86 /* ReceiptControls.entitlements */ = {isa = PBXFileReference; lastKnownFileType = text.plist.entitlements; path = ReceiptControls.entitlements; sourceTree = "<group>"; };
		C46C311B6E1B4B27AD211A0C /* TransactionViews.swift */ = {isa = PBXFileReference; lastKnownFileType = sourcecode.swift; path = TransactionViews.swift; sourceTree = "<group>"; };
		D0800DBA0F40E8AF98F802F5 /* CardTaps.swift */ = {isa = PBXFileReference; lastKnownFileType = sourcecode.swift; path = CardTaps.swift; sourceTree = "<group>"; };
		D275E1136A1EA6D49DD09FD9 /* ScanWidget.swift */ = {isa = PBXFileReference; lastKnownFileType = sourcecode.swift; path = ScanWidget.swift; sourceTree = "<group>"; };
		D38E5D83147F3BB0050B2884 /* JSONValue.swift */ = {isa = PBXFileReference; lastKnownFileType = sourcecode.swift; path = JSONValue.swift; sourceTree = "<group>"; };
		DF4BAD9DF9B7F1BDCA54D4F4 /* SetupView.swift */ = {isa = PBXFileReference; lastKnownFileType = sourcecode.swift; path = SetupView.swift; sourceTree = "<group>"; };
		F3E30737E5A2D558DD7F073D /* ScanReceiptControl.swift */ = {isa = PBXFileReference; lastKnownFileType = sourcecode.swift; path = ScanReceiptControl.swift; sourceTree = "<group>"; };
/* End PBXFileReference section */

/* Begin PBXGroup section */
		2640E6615A5A49E8798D90C2 /* ReceiptControls */ = {
			isa = PBXGroup;
			children = (
				B522912C69D6B8D39A5F121D /* ConsumptionWidget.swift */,
				09271B1DEF55D5C00112B610 /* Info.plist */,
				BBB1B58928D31D534C11CF86 /* ReceiptControls.entitlements */,
				F3E30737E5A2D558DD7F073D /* ScanReceiptControl.swift */,
				D275E1136A1EA6D49DD09FD9 /* ScanWidget.swift */,
			);
			path = ReceiptControls;
			sourceTree = "<group>";
		};
		6668D9B73C2EB5DE7A2AD745 = {
			isa = PBXGroup;
			children = (
				2640E6615A5A49E8798D90C2 /* ReceiptControls */,
				76ACB69EFEBC4C03EE7B9E63 /* ReceiptScanner */,
				EEE68ABC2CAA38FD9BA8EF8C /* Shared */,
				835EB9C5D3FF8CAA18D7A3A8 /* Products */,
			);
			sourceTree = "<group>";
		};
		76ACB69EFEBC4C03EE7B9E63 /* ReceiptScanner */ = {
			isa = PBXGroup;
			children = (
				AB2B5E2CAE9E14A15E583B32 /* AppShortcuts.swift */,
				6CC43AF3EF6CEAEE885976BD /* AppState.swift */,
				657B591D201E75C907CD1E6C /* Assets.xcassets */,
				B0F2484C67EFB9A62761CEB2 /* CameraPicker.swift */,
				D0800DBA0F40E8AF98F802F5 /* CardTaps.swift */,
				A296308186F68BE677FEBE66 /* ClaudeClient.swift */,
				47369034472BE10A92CA1F4A /* DemoData.swift */,
				B2E8D2852640ED13809A7D76 /* GitHubStore.swift */,
				11D2653A974333A7A3EA3478 /* HomeView.swift */,
				853171B29CEC14D122C55C54 /* Info.plist */,
				4C61C4A0F66B94D6E47F5E3D /* ItemRules.swift */,
				D38E5D83147F3BB0050B2884 /* JSONValue.swift */,
				1494E17C7F1DCE08CAD23D76 /* Keychain.swift */,
				164199FDAC80234F90480C83 /* Models.swift */,
				9EC73C9CB0F87E95CB6DFE9C /* ReceiptScanner.entitlements */,
				731B0AA682A9B59223FBA4CF /* ReceiptScannerApp.swift */,
				5004CAD7B3C90BD6EBCDC477 /* ReviewView.swift */,
				DF4BAD9DF9B7F1BDCA54D4F4 /* SetupView.swift */,
				99E80B0C1014D31268D8CCC1 /* Transactions.swift */,
				C46C311B6E1B4B27AD211A0C /* TransactionViews.swift */,
				0A8E52171420D131C0C85292 /* Vault.swift */,
				B96893D94E71B89E61556BC0 /* WalletImport.swift */,
				6A3A14FF55BC8816CED85588 /* WalletImportView.swift */,
				876D71B7830A97CB255C78E5 /* WeekSummary.swift */,
				63C0593F95D022F08F055F6F /* WeekSummaryStyle.swift */,
				6E3316DA3F7235951CFE7DAC /* WeekSummaryView.swift */,
			);
			path = ReceiptScanner;
			sourceTree = "<group>";
		};
		835EB9C5D3FF8CAA18D7A3A8 /* Products */ = {
			isa = PBXGroup;
			children = (
				10BE64BA523D2DB6BE5B3C92 /* ReceiptControls.appex */,
				0DD2D05AF8660070BE20531E /* ReceiptScanner.app */,
			);
			name = Products;
			sourceTree = "<group>";
		};
		EEE68ABC2CAA38FD9BA8EF8C /* Shared */ = {
			isa = PBXGroup;
			children = (
				6E36E222E386F2D674404AAB /* ScanReceiptIntent.swift */,
				1DEB32A53A766E3F6A68DBEA /* WidgetData.swift */,
			);
			path = Shared;
			sourceTree = "<group>";
		};
/* End PBXGroup section */

/* Begin PBXNativeTarget section */
		B3B67CD15A3D5064D1891FCD /* ReceiptControls */ = {
			isa = PBXNativeTarget;
			buildConfigurationList = D229085793A3400604DCF856 /* Build configuration list for PBXNativeTarget "ReceiptControls" */;
			buildPhases = (
				0ACB944A7596B0A7498A3A9D /* Sources */,
			);
			buildRules = (
			);
			dependencies = (
			);
			name = ReceiptControls;
			packageProductDependencies = (
			);
			productName = ReceiptControls;
			productReference = 10BE64BA523D2DB6BE5B3C92 /* ReceiptControls.appex */;
			productType = "com.apple.product-type.app-extension";
		};
		E43FADB7A4D46456C064BB2B /* ReceiptScanner */ = {
			isa = PBXNativeTarget;
			buildConfigurationList = DEAA9FEEB1BB95EBCA6883DD /* Build configuration list for PBXNativeTarget "ReceiptScanner" */;
			buildPhases = (
				91101EE9E5C1978DE91953B5 /* Sources */,
				2FABFF563BA2E833679067B6 /* Resources */,
				3076323586F0A7CC38348D09 /* Embed Foundation Extensions */,
			);
			buildRules = (
			);
			dependencies = (
				262A4192390F2755AC2CBA84 /* PBXTargetDependency */,
			);
			name = ReceiptScanner;
			packageProductDependencies = (
			);
			productName = ReceiptScanner;
			productReference = 0DD2D05AF8660070BE20531E /* ReceiptScanner.app */;
			productType = "com.apple.product-type.application";
		};
/* End PBXNativeTarget section */

/* Begin PBXProject section */
		F58F941AFC9693EFC8BCF60C /* Project object */ = {
			isa = PBXProject;
			attributes = {
				BuildIndependentTargetsInParallel = YES;
				LastUpgradeCheck = 1430;
				TargetAttributes = {
					B3B67CD15A3D5064D1891FCD = {
						DevelopmentTeam = 9CHRAUFN7Z;
						ProvisioningStyle = Automatic;
					};
					E43FADB7A4D46456C064BB2B = {
						DevelopmentTeam = 9CHRAUFN7Z;
						ProvisioningStyle = Automatic;
					};
				};
			};
			buildConfigurationList = 6227B7B0C11184415B593F43 /* Build configuration list for PBXProject "ReceiptScanner" */;
			developmentRegion = en;
			hasScannedForEncodings = 0;
			knownRegions = (
				Base,
				en,
			);
			mainGroup = 6668D9B73C2EB5DE7A2AD745;
			minimizedProjectReferenceProxies = 1;
			preferredProjectObjectVersion = 77;
			productRefGroup = 835EB9C5D3FF8CAA18D7A3A8 /* Products */;
			projectDirPath = "";
			projectRoot = "";
			targets = (
				B3B67CD15A3D5064D1891FCD /* ReceiptControls */,
				E43FADB7A4D46456C064BB2B /* ReceiptScanner */,
			);
		};
/* End PBXProject section */

/* Begin PBXResourcesBuildPhase section */
		2FABFF563BA2E833679067B6 /* Resources */ = {
			isa = PBXResourcesBuildPhase;
			buildActionMask = 2147483647;
			files = (
				0FFCBC65B62F174BC4C2B3CB /* Assets.xcassets in Resources */,
			);
			runOnlyForDeploymentPostprocessing = 0;
		};
/* End PBXResourcesBuildPhase section */

/* Begin PBXSourcesBuildPhase section */
		0ACB944A7596B0A7498A3A9D /* Sources */ = {
			isa = PBXSourcesBuildPhase;
			buildActionMask = 2147483647;
			files = (
				1914D745D9F94C9209F8BF6E /* ConsumptionWidget.swift in Sources */,
				FABEF238968D9203AF6E47F3 /* JSONValue.swift in Sources */,
				684BBF9EC7B46AEB6A60C06A /* Models.swift in Sources */,
				00D2A93FE2EF0F17DDE8B922 /* ScanReceiptControl.swift in Sources */,
				CCECCF2CCD2A09576320B4F4 /* ScanReceiptIntent.swift in Sources */,
				81F6C88DAF444B215BD5EE35 /* ScanWidget.swift in Sources */,
				576822B5016D7017B864AD02 /* WeekSummary.swift in Sources */,
				A9CBD4AC3DB2C29E5E640148 /* WeekSummaryStyle.swift in Sources */,
				DF4A3335520B63E9DA160A9C /* WidgetData.swift in Sources */,
			);
			runOnlyForDeploymentPostprocessing = 0;
		};
		91101EE9E5C1978DE91953B5 /* Sources */ = {
			isa = PBXSourcesBuildPhase;
			buildActionMask = 2147483647;
			files = (
				5ED4C81CD7D74255087D9068 /* AppShortcuts.swift in Sources */,
				82BE9E3D753F937312E85113 /* AppState.swift in Sources */,
				AF719F1A640A935A0A7B6DD5 /* CameraPicker.swift in Sources */,
				EA7B6FA4A5CC458C0AB9D9E9 /* CardTaps.swift in Sources */,
				CDFE88601CAADD1A2C1378DE /* ClaudeClient.swift in Sources */,
				538773F9E414B55198B5CC4F /* DemoData.swift in Sources */,
				FF061FE486B75268F8F7A438 /* GitHubStore.swift in Sources */,
				110221C9047E96E2AFE5A036 /* HomeView.swift in Sources */,
				E8B8A6DAFE998F71C97271F6 /* ItemRules.swift in Sources */,
				9462A60593E1BC43026C4575 /* JSONValue.swift in Sources */,
				426989F7C58503A098E6CF1E /* Keychain.swift in Sources */,
				9D8C10D1765618DAA20D7171 /* Models.swift in Sources */,
				47649EFA3EC194CA356E156F /* ReceiptScannerApp.swift in Sources */,
				AF8ADC77E311E387C419A207 /* ReviewView.swift in Sources */,
				B66FE03E6B9C0EF58DB857FB /* ScanReceiptIntent.swift in Sources */,
				C136BA6B6D2DEA4223480DEC /* SetupView.swift in Sources */,
				C02524FAFC2CE5BEE9417C44 /* TransactionViews.swift in Sources */,
				FF6E7D9C38006A11213DE274 /* Transactions.swift in Sources */,
				C53B9354D2DD2C4C2E8BC994 /* Vault.swift in Sources */,
				F8F198AB8CF266CC6EB976E0 /* WalletImport.swift in Sources */,
				EE9769FE59274D9463ED269B /* WalletImportView.swift in Sources */,
				ADE16B7747E1E1CE8197553E /* WeekSummary.swift in Sources */,
				67BA830BA2DC899049AB4A58 /* WeekSummaryStyle.swift in Sources */,
				F7591956ED0DE6DAEC2181A4 /* WeekSummaryView.swift in Sources */,
				EF16FF413112C67FF529EED9 /* WidgetData.swift in Sources */,
			);
			runOnlyForDeploymentPostprocessing = 0;
		};
/* End PBXSourcesBuildPhase section */

/* Begin PBXTargetDependency section */
		262A4192390F2755AC2CBA84 /* PBXTargetDependency */ = {
			isa = PBXTargetDependency;
			target = B3B67CD15A3D5064D1891FCD /* ReceiptControls */;
			targetProxy = A75A01C82618E0741A5D61B3 /* PBXContainerItemProxy */;
		};
/* End PBXTargetDependency section */

/* Begin XCBuildConfiguration section */
		8A49EE0F14D968D39D0BAFED /* Debug */ = {
			isa = XCBuildConfiguration;
			buildSettings = {
				ALWAYS_SEARCH_USER_PATHS = NO;
				CLANG_ANALYZER_NONNULL = YES;
				CLANG_ANALYZER_NUMBER_OBJECT_CONVERSION = YES_AGGRESSIVE;
				CLANG_CXX_LANGUAGE_STANDARD = "gnu++14";
				CLANG_CXX_LIBRARY = "libc++";
				CLANG_ENABLE_MODULES = YES;
				CLANG_ENABLE_OBJC_ARC = YES;
				CLANG_ENABLE_OBJC_WEAK = YES;
				CLANG_WARN_BLOCK_CAPTURE_AUTORELEASING = YES;
				CLANG_WARN_BOOL_CONVERSION = YES;
				CLANG_WARN_COMMA = YES;
				CLANG_WARN_CONSTANT_CONVERSION = YES;
				CLANG_WARN_DEPRECATED_OBJC_IMPLEMENTATIONS = YES;
				CLANG_WARN_DIRECT_OBJC_ISA_USAGE = YES_ERROR;
				CLANG_WARN_DOCUMENTATION_COMMENTS = YES;
				CLANG_WARN_EMPTY_BODY = YES;
				CLANG_WARN_ENUM_CONVERSION = YES;
				CLANG_WARN_INFINITE_RECURSION = YES;
				CLANG_WARN_INT_CONVERSION = YES;
				CLANG_WARN_NON_LITERAL_NULL_CONVERSION = YES;
				CLANG_WARN_OBJC_IMPLICIT_RETAIN_SELF = YES;
				CLANG_WARN_OBJC_LITERAL_CONVERSION = YES;
				CLANG_WARN_OBJC_ROOT_CLASS = YES_ERROR;
				CLANG_WARN_QUOTED_INCLUDE_IN_FRAMEWORK_HEADER = YES;
				CLANG_WARN_RANGE_LOOP_ANALYSIS = YES;
				CLANG_WARN_STRICT_PROTOTYPES = YES;
				CLANG_WARN_SUSPICIOUS_MOVE = YES;
				CLANG_WARN_UNGUARDED_AVAILABILITY = YES_AGGRESSIVE;
				CLANG_WARN_UNREACHABLE_CODE = YES;
				CLANG_WARN__DUPLICATE_METHOD_MATCH = YES;
				COPY_PHASE_STRIP = NO;
				CURRENT_PROJECT_VERSION = 1;
				DEBUG_INFORMATION_FORMAT = dwarf;
				ENABLE_STRICT_OBJC_MSGSEND = YES;
				ENABLE_TESTABILITY = YES;
				GCC_C_LANGUAGE_STANDARD = gnu11;
				GCC_DYNAMIC_NO_PIC = NO;
				GCC_NO_COMMON_BLOCKS = YES;
				GCC_OPTIMIZATION_LEVEL = 0;
				GCC_PREPROCESSOR_DEFINITIONS = (
					"$(inherited)",
					"DEBUG=1",
				);
				GCC_WARN_64_TO_32_BIT_CONVERSION = YES;
				GCC_WARN_ABOUT_RETURN_TYPE = YES_ERROR;
				GCC_WARN_UNDECLARED_SELECTOR = YES;
				GCC_WARN_UNINITIALIZED_AUTOS = YES_AGGRESSIVE;
				GCC_WARN_UNUSED_FUNCTION = YES;
				GCC_WARN_UNUSED_VARIABLE = YES;
				IPHONEOS_DEPLOYMENT_TARGET = 18.0;
				MARKETING_VERSION = 1.0;
				MTL_ENABLE_DEBUG_INFO = INCLUDE_SOURCE;
				MTL_FAST_MATH = YES;
				ONLY_ACTIVE_ARCH = YES;
				PRODUCT_NAME = "$(TARGET_NAME)";
				SDKROOT = iphoneos;
				SWIFT_ACTIVE_COMPILATION_CONDITIONS = DEBUG;
				SWIFT_OPTIMIZATION_LEVEL = "-Onone";
				SWIFT_VERSION = 5.0;
			};
			name = Debug;
		};
		8CA7F433151503049C1A6A50 /* Release */ = {
			isa = XCBuildConfiguration;
			buildSettings = {
				ALWAYS_SEARCH_USER_PATHS = NO;
				CLANG_ANALYZER_NONNULL = YES;
				CLANG_ANALYZER_NUMBER_OBJECT_CONVERSION = YES_AGGRESSIVE;
				CLANG_CXX_LANGUAGE_STANDARD = "gnu++14";
				CLANG_CXX_LIBRARY = "libc++";
				CLANG_ENABLE_MODULES = YES;
				CLANG_ENABLE_OBJC_ARC = YES;
				CLANG_ENABLE_OBJC_WEAK = YES;
				CLANG_WARN_BLOCK_CAPTURE_AUTORELEASING = YES;
				CLANG_WARN_BOOL_CONVERSION = YES;
				CLANG_WARN_COMMA = YES;
				CLANG_WARN_CONSTANT_CONVERSION = YES;
				CLANG_WARN_DEPRECATED_OBJC_IMPLEMENTATIONS = YES;
				CLANG_WARN_DIRECT_OBJC_ISA_USAGE = YES_ERROR;
				CLANG_WARN_DOCUMENTATION_COMMENTS = YES;
				CLANG_WARN_EMPTY_BODY = YES;
				CLANG_WARN_ENUM_CONVERSION = YES;
				CLANG_WARN_INFINITE_RECURSION = YES;
				CLANG_WARN_INT_CONVERSION = YES;
				CLANG_WARN_NON_LITERAL_NULL_CONVERSION = YES;
				CLANG_WARN_OBJC_IMPLICIT_RETAIN_SELF = YES;
				CLANG_WARN_OBJC_LITERAL_CONVERSION = YES;
				CLANG_WARN_OBJC_ROOT_CLASS = YES_ERROR;
				CLANG_WARN_QUOTED_INCLUDE_IN_FRAMEWORK_HEADER = YES;
				CLANG_WARN_RANGE_LOOP_ANALYSIS = YES;
				CLANG_WARN_STRICT_PROTOTYPES = YES;
				CLANG_WARN_SUSPICIOUS_MOVE = YES;
				CLANG_WARN_UNGUARDED_AVAILABILITY = YES_AGGRESSIVE;
				CLANG_WARN_UNREACHABLE_CODE = YES;
				CLANG_WARN__DUPLICATE_METHOD_MATCH = YES;
				COPY_PHASE_STRIP = NO;
				CURRENT_PROJECT_VERSION = 1;
				DEBUG_INFORMATION_FORMAT = "dwarf-with-dsym";
				ENABLE_NS_ASSERTIONS = NO;
				ENABLE_STRICT_OBJC_MSGSEND = YES;
				GCC_C_LANGUAGE_STANDARD = gnu11;
				GCC_NO_COMMON_BLOCKS = YES;
				GCC_WARN_64_TO_32_BIT_CONVERSION = YES;
				GCC_WARN_ABOUT_RETURN_TYPE = YES_ERROR;
				GCC_WARN_UNDECLARED_SELECTOR = YES;
				GCC_WARN_UNINITIALIZED_AUTOS = YES_AGGRESSIVE;
				GCC_WARN_UNUSED_FUNCTION = YES;
				GCC_WARN_UNUSED_VARIABLE = YES;
				IPHONEOS_DEPLOYMENT_TARGET = 18.0;
				MARKETING_VERSION = 1.0;
				MTL_ENABLE_DEBUG_INFO = NO;
				MTL_FAST_MATH = YES;
				PRODUCT_NAME = "$(TARGET_NAME)";
				SDKROOT = iphoneos;
				SWIFT_COMPILATION_MODE = wholemodule;
				SWIFT_OPTIMIZATION_LEVEL = "-O";
				SWIFT_VERSION = 5.0;
			};
			name = Release;
		};
		A1BC95D330B447DAC8E69618 /* Release */ = {
			isa = XCBuildConfiguration;
			buildSettings = {
				CODE_SIGN_ENTITLEMENTS = ReceiptControls/ReceiptControls.entitlements;
				CODE_SIGN_STYLE = Automatic;
				DEVELOPMENT_TEAM = 9CHRAUFN7Z;
				INFOPLIST_FILE = ReceiptControls/Info.plist;
				IPHONEOS_DEPLOYMENT_TARGET = 18.0;
				LD_RUNPATH_SEARCH_PATHS = (
					"$(inherited)",
					"@executable_path/Frameworks",
					"@executable_path/../../Frameworks",
				);
				PRODUCT_BUNDLE_IDENTIFIER = com.kntl88.ReceiptScanner.Controls;
				SDKROOT = iphoneos;
				TARGETED_DEVICE_FAMILY = 1;
			};
			name = Release;
		};
		B003074E8DA7C80E20AF8DB1 /* Debug */ = {
			isa = XCBuildConfiguration;
			buildSettings = {
				ASSETCATALOG_COMPILER_APPICON_NAME = AppIcon;
				ASSETCATALOG_COMPILER_GLOBAL_ACCENT_COLOR_NAME = AccentColor;
				CODE_SIGN_ENTITLEMENTS = ReceiptScanner/ReceiptScanner.entitlements;
				CODE_SIGN_IDENTITY = "iPhone Developer";
				CODE_SIGN_STYLE = Automatic;
				DEVELOPMENT_TEAM = 9CHRAUFN7Z;
				GENERATE_INFOPLIST_FILE = YES;
				INFOPLIST_FILE = ReceiptScanner/Info.plist;
				INFOPLIST_KEY_CFBundleDisplayName = Receipts;
				INFOPLIST_KEY_NSCameraUsageDescription = "The camera is used to scan receipts.";
				INFOPLIST_KEY_UIApplicationSupportsIndirectInputEvents = YES;
				INFOPLIST_KEY_UILaunchScreen_Generation = YES;
				INFOPLIST_KEY_UISupportedInterfaceOrientations_iPhone = UIInterfaceOrientationPortrait;
				LD_RUNPATH_SEARCH_PATHS = (
					"$(inherited)",
					"@executable_path/Frameworks",
				);
				PRODUCT_BUNDLE_IDENTIFIER = com.kntl88.ReceiptScanner;
				SDKROOT = iphoneos;
				TARGETED_DEVICE_FAMILY = 1;
			};
			name = Debug;
		};
		C4E88546DDBF21756B4CA954 /* Release */ = {
			isa = XCBuildConfiguration;
			buildSettings = {
				ASSETCATALOG_COMPILER_APPICON_NAME = AppIcon;
				ASSETCATALOG_COMPILER_GLOBAL_ACCENT_COLOR_NAME = AccentColor;
				CODE_SIGN_ENTITLEMENTS = ReceiptScanner/ReceiptScanner.entitlements;
				CODE_SIGN_IDENTITY = "iPhone Developer";
				CODE_SIGN_STYLE = Automatic;
				DEVELOPMENT_TEAM = 9CHRAUFN7Z;
				GENERATE_INFOPLIST_FILE = YES;
				INFOPLIST_FILE = ReceiptScanner/Info.plist;
				INFOPLIST_KEY_CFBundleDisplayName = Receipts;
				INFOPLIST_KEY_NSCameraUsageDescription = "The camera is used to scan receipts.";
				INFOPLIST_KEY_UIApplicationSupportsIndirectInputEvents = YES;
				INFOPLIST_KEY_UILaunchScreen_Generation = YES;
				INFOPLIST_KEY_UISupportedInterfaceOrientations_iPhone = UIInterfaceOrientationPortrait;
				LD_RUNPATH_SEARCH_PATHS = (
					"$(inherited)",
					"@executable_path/Frameworks",
				);
				PRODUCT_BUNDLE_IDENTIFIER = com.kntl88.ReceiptScanner;
				SDKROOT = iphoneos;
				TARGETED_DEVICE_FAMILY = 1;
			};
			name = Release;
		};
		D433E39A54313CB3E7EB060B /* Debug */ = {
			isa = XCBuildConfiguration;
			buildSettings = {
				CODE_SIGN_ENTITLEMENTS = ReceiptControls/ReceiptControls.entitlements;
				CODE_SIGN_STYLE = Automatic;
				DEVELOPMENT_TEAM = 9CHRAUFN7Z;
				INFOPLIST_FILE = ReceiptControls/Info.plist;
				IPHONEOS_DEPLOYMENT_TARGET = 18.0;
				LD_RUNPATH_SEARCH_PATHS = (
					"$(inherited)",
					"@executable_path/Frameworks",
					"@executable_path/../../Frameworks",
				);
				PRODUCT_BUNDLE_IDENTIFIER = com.kntl88.ReceiptScanner.Controls;
				SDKROOT = iphoneos;
				TARGETED_DEVICE_FAMILY = 1;
			};
			name = Debug;
		};
/* End XCBuildConfiguration section */

/* Begin XCConfigurationList section */
		6227B7B0C11184415B593F43 /* Build configuration list for PBXProject "ReceiptScanner" */ = {
			isa = XCConfigurationList;
			buildConfigurations = (
				8A49EE0F14D968D39D0BAFED /* Debug */,
				8CA7F433151503049C1A6A50 /* Release */,
			);
			defaultConfigurationIsVisible = 0;
			defaultConfigurationName = Debug;
		};
		D229085793A3400604DCF856 /* Build configuration list for PBXNativeTarget "ReceiptControls" */ = {
			isa = XCConfigurationList;
			buildConfigurations = (
				D433E39A54313CB3E7EB060B /* Debug */,
				A1BC95D330B447DAC8E69618 /* Release */,
			);
			defaultConfigurationIsVisible = 0;
			defaultConfigurationName = Debug;
		};
		DEAA9FEEB1BB95EBCA6883DD /* Build configuration list for PBXNativeTarget "ReceiptScanner" */ = {
			isa = XCConfigurationList;
			buildConfigurations = (
				B003074E8DA7C80E20AF8DB1 /* Debug */,
				C4E88546DDBF21756B4CA954 /* Release */,
			);
			defaultConfigurationIsVisible = 0;
			defaultConfigurationName = Debug;
		};
/* End XCConfigurationList section */
	};
	rootObject = F58F941AFC9693EFC8BCF60C /* Project object */;
}
